{"UTC": "2026-10-02T11:53:55.767182+00:00", "launcher_PID": 423158, "argv": ["/opt/conda/bin/python", "-S", "-u", "/root/tilelang-metax/race_tests/nsa/hack/v113_worker1_s4_global_softmax_sc-16g-2/supervise_controller.py", "/root/tilelang-metax/race_tests/nsa/rep/v113_worker1_s4_global_softmax_sc-16g-2"]}