{"UTC": "2026-10-02T16:05:21.106299+00:00", "launcher_PID": 495036, "argv": ["/opt/conda/bin/python", "-S", "-u", "/root/tilelang-metax/race_tests/nsa/hack/v118_worker1_c6_num16_v4_plane_lifetimes_sc-16g-2/supervise_controller.py", "/root/tilelang-metax/race_tests/nsa/rep/v118_worker1_c6_num16_v4_plane_lifetimes_sc-16g-2"]}