{"UTC": "2026-10-02T14:06:56.222156+00:00", "launcher_PID": 463397, "argv": ["/opt/conda/bin/python", "-S", "-u", "/root/tilelang-metax/race_tests/nsa/hack/v116_worker1_exact_parent_C6_C10_profile_resource_sc-16g-2/supervise_controller.py", "/root/tilelang-metax/race_tests/nsa/rep/v116_worker1_exact_parent_C6_C10_profile_resource_sc-16g-2"]}