{"UTC": "2026-10-02T14:58:32.024690+00:00", "launcher_PID": 477171, "argv": ["/opt/conda/bin/python", "-S", "-u", "/root/tilelang-metax/race_tests/nsa/hack/v117_worker1_reused_C6_C10_parent_resource_profile_sc-16g-2/supervise_controller.py", "/root/tilelang-metax/race_tests/nsa/rep/v117_worker1_reused_C6_C10_parent_resource_profile_sc-16g-2"]}