{"UTC": "2026-10-03T01:19:45.650094+00:00", "launcher_PID": 659851, "argv": ["/opt/conda/bin/python", "-S", "-u", "/root/tilelang-metax/race_tests/nsa/hack/v136_worker1_c12_max4x8_balanced_sc-16g-2/supervise_controller.py", "/root/tilelang-metax/race_tests/nsa/rep/v136_worker1_c12_max4x8_balanced_sc-16g-2"]}