{"UTC": "2026-10-03T00:03:36.573246+00:00", "launcher_PID": 636887, "argv": ["/opt/conda/bin/python", "-S", "-u", "/root/tilelang-metax/race_tests/nsa/hack/v135_worker1_leader_C303_c5_c6_c8_all14_validation_sc-16g-2/supervise_native_screen.py", "/root/tilelang-metax/race_tests/nsa/rep/v135_worker1_leader_C303_c5_c6_c8_all14_validation_sc-16g-2/native_validation"]}