{"UTC": "2026-10-02T19:29:17.987390+00:00", "launcher_PID": 553175, "argv": ["/opt/conda/bin/python", "-S", "-u", "/root/tilelang-metax/race_tests/nsa/hack/v124_worker1_c12_lane_contiguous_partial_num_sc-16g-2/supervise_controller.py", "/root/tilelang-metax/race_tests/nsa/rep/v124_worker1_c12_lane_contiguous_partial_num_sc-16g-2"]}