{"UTC": "2026-10-02T16:57:52.202229+00:00", "launcher_PID": 509096, "argv": ["/opt/conda/bin/python", "-S", "-u", "/root/tilelang-metax/race_tests/nsa/hack/v120_worker1_existing_C6_original_native_screen_sc-16g-2/supervise_native_screen.py", "/root/tilelang-metax/race_tests/nsa/rep/v120_worker1_existing_C6_original_native_screen_sc-16g-2/native_screen"]}