{"UTC": "2026-10-02T18:56:03.635762+00:00", "launcher_PID": 543378, "argv": ["/opt/conda/bin/python", "-S", "-u", "/root/tilelang-metax/race_tests/nsa/hack/v123_worker1_c12_parallel_shared_counter_diagnostic_sc-16g-2/supervise_controller.py", "/root/tilelang-metax/race_tests/nsa/rep/v123_worker1_c12_parallel_shared_counter_diagnostic_sc-16g-2"]}