{"UTC": "2026-10-02T21:33:57.014248+00:00", "launcher_PID": 590080, "argv": ["/opt/conda/bin/python", "-S", "-u", "/root/tilelang-metax/race_tests/nsa/hack/v128_worker1_c6_v4_independent_budget_diagnostic_sc-16g-2/supervise_controller.py", "/root/tilelang-metax/race_tests/nsa/rep/v128_worker1_c6_v4_independent_budget_diagnostic_sc-16g-2"]}