{"UTC": "2026-10-02T22:53:38.602104+00:00", "launcher_PID": 616017, "argv": ["/opt/conda/bin/python", "-S", "-u", "/root/tilelang-metax/race_tests/nsa/hack/v132_worker1_leader_C301_C8_sc_crosscheck_sc-16g-2/supervise_native_screen.py", "/root/tilelang-metax/race_tests/nsa/rep/v132_worker1_leader_C301_C8_sc_crosscheck_sc-16g-2/native_screen"]}