{"UTC": "2026-10-02T20:45:24.528804+00:00", "launcher_PID": 576755, "argv": ["/opt/conda/bin/python", "-S", "-u", "/root/tilelang-metax/race_tests/nsa/hack/v126_worker1_fresh_case6_baseline_counter_sc-16g-2/supervise_controller.py", "/root/tilelang-metax/race_tests/nsa/rep/v126_worker1_fresh_case6_baseline_counter_sc-16g-2"]}