{"UTC": "2026-10-02T22:23:32.780318+00:00", "launcher_PID": 606873, "argv": ["/opt/conda/bin/python", "-S", "-u", "/root/tilelang-metax/race_tests/nsa/hack/v129_worker1_c6_v4_original_native_screen_sc-16g-2/supervise_native_screen.py", "/root/tilelang-metax/race_tests/nsa/rep/v129_worker1_c6_v4_original_native_screen_sc-16g-2/native_screen"]}