{"UTC": "2026-10-02T17:42:40.876585+00:00", "launcher_PID": 522065, "argv": ["/opt/conda/bin/python", "-S", "-u", "/root/tilelang-metax/race_tests/nsa/hack/v121_worker1_c12_two_warp_selected_partition_sc-16g-2/supervise_controller.py", "/root/tilelang-metax/race_tests/nsa/rep/v121_worker1_c12_two_warp_selected_partition_sc-16g-2"]}