{"UTC": "2026-10-02T12:17:20.723181+00:00", "launcher_PID": 429578, "argv": ["/opt/conda/bin/python", "-S", "-u", "/root/tilelang-metax/race_tests/nsa/hack/v113_worker1_s4_global_softmax_sc-16g-2/supervise_native_screen.py", "/root/tilelang-metax/race_tests/nsa/rep/v113_worker1_s4_global_softmax_sc-16g-2/native_screen"]}