{"UTC": "2026-10-02T13:01:33.972992+00:00", "launcher_PID": 443009, "argv": ["/opt/conda/bin/python", "-S", "-u", "/root/tilelang-metax/race_tests/nsa/hack/v115_worker1_fixed_all14_C11_C12_validation_sc-16g-2/supervise_native_screen.py", "/root/tilelang-metax/race_tests/nsa/rep/v115_worker1_fixed_all14_C11_C12_validation_sc-16g-2/native_validation"]}